
Microsoft Visual Studio Solution File, Format Version 12.00
# Visual Studio Version 16
VisualStudioVersion = 16.0.34031.81
MinimumVisualStudioVersion = 10.0.40219.1
Project("{FAE04EC0-301F-11D3-BF4B-00C04F79EFBC}") = "Lab Assignment 2 - Sandwich Builder", "Lab Assignment 2 - Sandwich Builder\Lab Assignment 2 - Sandwich Builder.csproj", "{D92CD399-FD20-4E67-AFF6-B0150850A5E9}"
EndProject
Global
	GlobalSection(SolutionConfigurationPlatforms) = preSolution
		Debug|Any CPU = Debug|Any CPU
		Release|Any CPU = Release|Any CPU
	EndGlobalSection
	GlobalSection(ProjectConfigurationPlatforms) = postSolution
		{D92CD399-FD20-4E67-AFF6-B0150850A5E9}.Debug|Any CPU.ActiveCfg = Debug|Any CPU
		{D92CD399-FD20-4E67-AFF6-B0150850A5E9}.Debug|Any CPU.Build.0 = Debug|Any CPU
		{D92CD399-FD20-4E67-AFF6-B0150850A5E9}.Release|Any CPU.ActiveCfg = Release|Any CPU
		{D92CD399-FD20-4E67-AFF6-B0150850A5E9}.Release|Any CPU.Build.0 = Release|Any CPU
	EndGlobalSection
	GlobalSection(SolutionProperties) = preSolution
		HideSolutionNode = FALSE
	EndGlobalSection
	GlobalSection(ExtensibilityGlobals) = postSolution
		SolutionGuid = {30A34DE0-8A5F-4B5F-BDD4-1F268943FD29}
	EndGlobalSection
EndGlobal
